// !$*UTF8*$!
{
	archiveVersion = 1;
	classes = {
	};
	objectVersion = 46;
	objects = {

/* Begin PBXBuildFile section */
		7A038A851E948D3900D5E716 /* main.swift in Sources */ = {isa = PBXBuildFile; fileRef = 7A038A841E948D3900D5E716 /* main.swift */; };
		7A038A9B1E948F9200D5E716 /* CalcArrayPointsUnitTests.swift in Sources */ = {isa = PBXBuildFile; fileRef = 7A038A9A1E948F9200D5E716 /* CalcArrayPointsUnitTests.swift */; };
/* End PBXBuildFile section */

/* Begin PBXCopyFilesBuildPhase section */
		7A038A7F1E948D3900D5E716 /* CopyFiles */ = {
			isa = PBXCopyFilesBuildPhase;
			buildActionMask = 2147483647;
			dstPath = /usr/share/man/man1/;
			dstSubfolderSpec = 0;
			files = (
			);
			runOnlyForDeploymentPostprocessing = 1;
		};
/* End PBXCopyFilesBuildPhase section */

/* Begin PBXFileReference section */
		7A038A811E948D3900D5E716 /* CalcArrayPoints */ = {isa = PBXFileReference; explicitFileType = "compiled.mach-o.executable"; includeInIndex = 0; path = CalcArrayPoints; sourceTree = BUILT_PRODUCTS_DIR; };
		7A038A841E948D3900D5E716 /* main.swift */ = {isa = PBXFileReference; lastKnownFileType = sourcecode.swift; path = main.swift; sourceTree = "<group>"; };
		7A038A8F1E948D5C00D5E716 /* CalcArrayPointsTest.xctest */ = {isa = PBXFileReference; explicitFileType = wrapper.cfbundle; includeInIndex = 0; path = CalcArrayPointsTest.xctest; sourceTree = BUILT_PRODUCTS_DIR; };
		7A038A931E948D5C00D5E716 /* Info.plist */ = {isa = PBXFileReference; lastKnownFileType = text.plist.xml; path = Info.plist; sourceTree = "<group>"; };
		7A038A991E948F9100D5E716 /* CalcArrayPointsTest-Bridging-Header.h */ = {isa = PBXFileReference; lastKnownFileType = sourcecode.c.h; path = "CalcArrayPointsTest-Bridging-Header.h"; sourceTree = "<group>"; };
		7A038A9A1E948F9200D5E716 /* CalcArrayPointsUnitTests.swift */ = {isa = PBXFileReference; fileEncoding = 4; lastKnownFileType = sourcecode.swift; path = CalcArrayPointsUnitTests.swift; sourceTree = "<group>"; };
/* End PBXFileReference section */

/* Begin PBXFrameworksBuildPhase section */
		7A038A7E1E948D3900D5E716 /* Frameworks */ = {
			isa = PBXFrameworksBuildPhase;
			buildActionMask = 2147483647;
			files = (
			);
			runOnlyForDeploymentPostprocessing = 0;
		};
		7A038A8C1E948D5C00D5E716 /* Frameworks */ = {
			isa = PBXFrameworksBuildPhase;
			buildActionMask = 2147483647;
			files = (
			);
			runOnlyForDeploymentPostprocessing = 0;
		};
/* End PBXFrameworksBuildPhase section */

/* Begin PBXGroup section */
		7A038A781E948D3900D5E716 = {
			isa = PBXGroup;
			children = (
				7A038A831E948D3900D5E716 /* CalcArrayPoints */,
				7A038A901E948D5C00D5E716 /* CalcArrayPointsTest */,
				7A038A821E948D3900D5E716 /* Products */,
			);
			sourceTree = "<group>";
		};
		7A038A821E948D3900D5E716 /* Products */ = {
			isa = PBXGroup;
			children = (
				7A038A811E948D3900D5E716 /* CalcArrayPoints */,
				7A038A8F1E948D5C00D5E716 /* CalcArrayPointsTest.xctest */,
			);
			name = Products;
			sourceTree = "<group>";
		};
		7A038A831E948D3900D5E716 /* CalcArrayPoints */ = {
			isa = PBXGroup;
			children = (
				7A038A841E948D3900D5E716 /* main.swift */,
			);
			path = CalcArrayPoints;
			sourceTree = "<group>";
		};
		7A038A901E948D5C00D5E716 /* CalcArrayPointsTest */ = {
			isa = PBXGroup;
			children = (
				7A038A9A1E948F9200D5E716 /* CalcArrayPointsUnitTests.swift */,
				7A038A931E948D5C00D5E716 /* Info.plist */,
				7A038A991E948F9100D5E716 /* CalcArrayPointsTest-Bridging-Header.h */,
			);
			path = CalcArrayPointsTest;
			sourceTree = "<group>";
		};
/* End PBXGroup section */

/* Begin PBXNativeTarget section */
		7A038A801E948D3900D5E716 /* CalcArrayPoints */ = {
			isa = PBXNativeTarget;
			buildConfigurationList = 7A038A881E948D3900D5E716 /* Build configuration list for PBXNativeTarget "CalcArrayPoints" */;
			buildPhases = (
				7A038A7D1E948D3900D5E716 /* Sources */,
				7A038A7E1E948D3900D5E716 /* Frameworks */,
				7A038A7F1E948D3900D5E716 /* CopyFiles */,
			);
			buildRules = (
			);
			dependencies = (
			);
			name = CalcArrayPoints;
			productName = CalcArrayPoints;
			productReference = 7A038A811E948D3900D5E716 /* CalcArrayPoints */;
			productType = "com.apple.product-type.tool";
		};
		7A038A8E1E948D5C00D5E716 /* CalcArrayPointsTest */ = {
			isa = PBXNativeTarget;
			buildConfigurationList = 7A038A941E948D5C00D5E716 /* Build configuration list for PBXNativeTarget "CalcArrayPointsTest" */;
			buildPhases = (
				7A038A8B1E948D5C00D5E716 /* Sources */,
				7A038A8C1E948D5C00D5E716 /* Frameworks */,
				7A038A8D1E948D5C00D5E716 /* Resources */,
			);
			buildRules = (
			);
			dependencies = (
			);
			name = CalcArrayPointsTest;
			productName = CalcArrayPointsTest;
			productReference = 7A038A8F1E948D5C00D5E716 /* CalcArrayPointsTest.xctest */;
			productType = "com.apple.product-type.bundle.unit-test";
		};
/* End PBXNativeTarget section */

/* Begin PBXProject section */
		7A038A791E948D3900D5E716 /* Project object */ = {
			isa = PBXProject;
			attributes = {
				LastSwiftUpdateCheck = 0830;
				LastUpgradeCheck = 0830;
				ORGANIZATIONNAME = "Vishesh Sood";
				TargetAttributes = {
					7A038A801E948D3900D5E716 = {
						CreatedOnToolsVersion = 8.3;
						DevelopmentTeam = E9YGY784YY;
						ProvisioningStyle = Automatic;
					};
					7A038A8E1E948D5C00D5E716 = {
						CreatedOnToolsVersion = 8.3;
						DevelopmentTeam = E9YGY784YY;
						LastSwiftMigration = 0830;
						ProvisioningStyle = Automatic;
					};
				};
			};
			buildConfigurationList = 7A038A7C1E948D3900D5E716 /* Build configuration list for PBXProject "CalcArrayPoints" */;
			compatibilityVersion = "Xcode 3.2";
			developmentRegion = English;
			hasScannedForEncodings = 0;
			knownRegions = (
				en,
			);
			mainGroup = 7A038A781E948D3900D5E716;
			productRefGroup = 7A038A821E948D3900D5E716 /* Products */;
			projectDirPath = "";
			projectRoot = "";
			targets = (
				7A038A801E948D3900D5E716 /* CalcArrayPoints */,
				7A038A8E1E948D5C00D5E716 /* CalcArrayPointsTest */,
			);
		};
/* End PBXProject section */

/* Begin PBXResourcesBuildPhase section */
		7A038A8D1E948D5C00D5E716 /* Resources */ = {
			isa = PBXResourcesBuildPhase;
			buildActionMask = 2147483647;
			files = (
			);
			runOnlyForDeploymentPostprocessing = 0;
		};
/* End PBXResourcesBuildPhase section */

/* Begin PBXSourcesBuildPhase section */
		7A038A7D1E948D3900D5E716 /* Sources */ = {
			isa = PBXSourcesBuildPhase;
			buildActionMask = 2147483647;
			files = (
				7A038A851E948D3900D5E716 /* main.swift in Sources */,
			);
			runOnlyForDeploymentPostprocessing = 0;
		};
		7A038A8B1E948D5C00D5E716 /* Sources */ = {
			isa = PBXSourcesBuildPhase;
			buildActionMask = 2147483647;
			files = (
				7A038A9B1E948F9200D5E716 /* CalcArrayPointsUnitTests.swift in Sources */,
			);
			runOnlyForDeploymentPostprocessing = 0;
		};
/* End PBXSourcesBuildPhase section */

/* Begin XCBuildConfiguration section */
		7A038A861E948D3900D5E716 /* Debug */ = {
			isa = XCBuildConfiguration;
			buildSettings = {
				ALWAYS_SEARCH_USER_PATHS = NO;
				CLANG_ANALYZER_NONNULL = YES;
				CLANG_ANALYZER_NUMBER_OBJECT_CONVERSION = YES_AGGRESSIVE;
				CLANG_CXX_LANGUAGE_STANDARD = "gnu++0x";
				CLANG_CXX_LIBRARY = "libc++";
				CLANG_ENABLE_MODULES = YES;
				CLANG_ENABLE_OBJC_ARC = YES;
				CLANG_WARN_BOOL_CONVERSION = YES;
				CLANG_WARN_CONSTANT_CONVERSION = YES;
				CLANG_WARN_DIRECT_OBJC_ISA_USAGE = YES_ERROR;
				CLANG_WARN_DOCUMENTATION_COMMENTS = YES;
				CLANG_WARN_EMPTY_BODY = YES;
				CLANG_WARN_ENUM_CONVERSION = YES;
				CLANG_WARN_INFINITE_RECURSION = YES;
				CLANG_WARN_INT_CONVERSION = YES;
				CLANG_WARN_OBJC_ROOT_CLASS = YES_ERROR;
				CLANG_WARN_SUSPICIOUS_MOVE = YES;
				CLANG_WARN_UNREACHABLE_CODE = YES;
				CLANG_WARN__DUPLICATE_METHOD_MATCH = YES;
				CODE_SIGN_IDENTITY = "-";
				COPY_PHASE_STRIP = NO;
				DEBUG_INFORMATION_FORMAT = dwarf;
				ENABLE_STRICT_OBJC_MSGSEND = YES;
				ENABLE_TESTABILITY = YES;
				GCC_C_LANGUAGE_STANDARD = gnu99;
				GCC_DYNAMIC_NO_PIC = NO;
				GCC_NO_COMMON_BLOCKS = YES;
				GCC_OPTIMIZATION_LEVEL = 0;
				GCC_PREPROCESSOR_DEFINITIONS = (
					"DEBUG=1",
					"$(inherited)",
				);
				GCC_WARN_64_TO_32_BIT_CONVERSION = YES;
				GCC_WARN_ABOUT_RETURN_TYPE = YES_ERROR;
				GCC_WARN_UNDECLARED_SELECTOR = YES;
				GCC_WARN_UNINITIALIZED_AUTOS = YES_AGGRESSIVE;
				GCC_WARN_UNUSED_FUNCTION = YES;
				GCC_WARN_UNUSED_VARIABLE = YES;
				MACOSX_DEPLOYMENT_TARGET = 10.12;
				MTL_ENABLE_DEBUG_INFO = YES;
				ONLY_ACTIVE_ARCH = YES;
				SDKROOT = macosx;
				SWIFT_OPTIMIZATION_LEVEL = "-Onone";
			};
			name = Debug;
		};
		7A038A871E948D3900D5E716 /* Release */ = {
			isa = XCBuildConfiguration;
			buildSettings = {
				ALWAYS_SEARCH_USER_PATHS = NO;
				CLANG_ANALYZER_NONNULL = YES;
				CLANG_ANALYZER_NUMBER_OBJECT_CONVERSION = YES_AGGRESSIVE;
				CLANG_CXX_LANGUAGE_STANDARD = "gnu++0x";
				CLANG_CXX_LIBRARY = "libc++";
				CLANG_ENABLE_MODULES = YES;
				CLANG_ENABLE_OBJC_ARC = YES;
				CLANG_WARN_BOOL_CONVERSION = YES;
				CLANG_WARN_CONSTANT_CONVERSION = YES;
				CLANG_WARN_DIRECT_OBJC_ISA_USAGE = YES_ERROR;
				CLANG_WARN_DOCUMENTATION_COMMENTS = YES;
				CLANG_WARN_EMPTY_BODY = YES;
				CLANG_WARN_ENUM_CONVERSION = YES;
				CLANG_WARN_INFINITE_RECURSION = YES;
				CLANG_WARN_INT_CONVERSION = YES;
				CLANG_WARN_OBJC_ROOT_CLASS = YES_ERROR;
				CLANG_WARN_SUSPICIOUS_MOVE = YES;
				CLANG_WARN_UNREACHABLE_CODE = YES;
				CLANG_WARN__DUPLICATE_METHOD_MATCH = YES;
				CODE_SIGN_IDENTITY = "-";
				COPY_PHASE_STRIP = NO;
				DEBUG_INFORMATION_FORMAT = "dwarf-with-dsym";
				ENABLE_NS_ASSERTIONS = NO;
				ENABLE_STRICT_OBJC_MSGSEND = YES;
				GCC_C_LANGUAGE_STANDARD = gnu99;
				GCC_NO_COMMON_BLOCKS = YES;
				GCC_WARN_64_TO_32_BIT_CONVERSION = YES;
				GCC_WARN_ABOUT_RETURN_TYPE = YES_ERROR;
				GCC_WARN_UNDECLARED_SELECTOR = YES;
				GCC_WARN_UNINITIALIZED_AUTOS = YES_AGGRESSIVE;
				GCC_WARN_UNUSED_FUNCTION = YES;
				GCC_WARN_UNUSED_VARIABLE = YES;
				MACOSX_DEPLOYMENT_TARGET = 10.12;
				MTL_ENABLE_DEBUG_INFO = NO;
				SDKROOT = macosx;
			};
			name = Release;
		};
		7A038A891E948D3900D5E716 /* Debug */ = {
			isa = XCBuildConfiguration;
			buildSettings = {
				DEVELOPMENT_TEAM = E9YGY784YY;
				PRODUCT_NAME = "$(TARGET_NAME)";
				SWIFT_VERSION = 3.0;
			};
			name = Debug;
		};
		7A038A8A1E948D3900D5E716 /* Release */ = {
			isa = XCBuildConfiguration;
			buildSettings = {
				DEVELOPMENT_TEAM = E9YGY784YY;
				PRODUCT_NAME = "$(TARGET_NAME)";
				SWIFT_VERSION = 3.0;
			};
			name = Release;
		};
		7A038A951E948D5C00D5E716 /* Debug */ = {
			isa = XCBuildConfiguration;
			buildSettings = {
				CLANG_ENABLE_MODULES = YES;
				COMBINE_HIDPI_IMAGES = YES;
				DEVELOPMENT_TEAM = E9YGY784YY;
				INFOPLIST_FILE = CalcArrayPointsTest/Info.plist;
				LD_RUNPATH_SEARCH_PATHS = "$(inherited) @executable_path/../Frameworks @loader_path/../Frameworks";
				PRODUCT_BUNDLE_IDENTIFIER = visheshsood.com.CalcArrayPointsTest;
				PRODUCT_NAME = "$(TARGET_NAME)";
				SWIFT_ACTIVE_COMPILATION_CONDITIONS = DEBUG;
				SWIFT_OBJC_BRIDGING_HEADER = "CalcArrayPointsTest/CalcArrayPointsTest-Bridging-Header.h";
				SWIFT_OPTIMIZATION_LEVEL = "-Onone";
				SWIFT_VERSION = 3.0;
			};
			name = Debug;
		};
		7A038A961E948D5C00D5E716 /* Release */ = {
			isa = XCBuildConfiguration;
			buildSettings = {
				CLANG_ENABLE_MODULES = YES;
				COMBINE_HIDPI_IMAGES = YES;
				DEVELOPMENT_TEAM = E9YGY784YY;
				INFOPLIST_FILE = CalcArrayPointsTest/Info.plist;
				LD_RUNPATH_SEARCH_PATHS = "$(inherited) @executable_path/../Frameworks @loader_path/../Frameworks";
				PRODUCT_BUNDLE_IDENTIFIER = visheshsood.com.CalcArrayPointsTest;
				PRODUCT_NAME = "$(TARGET_NAME)";
				SWIFT_OBJC_BRIDGING_HEADER = "CalcArrayPointsTest/CalcArrayPointsTest-Bridging-Header.h";
				SWIFT_OPTIMIZATION_LEVEL = "-Owholemodule";
				SWIFT_VERSION = 3.0;
			};
			name = Release;
		};
/* End XCBuildConfiguration section */

/* Begin XCConfigurationList section */
		7A038A7C1E948D3900D5E716 /* Build configuration list for PBXProject "CalcArrayPoints" */ = {
			isa = XCConfigurationList;
			buildConfigurations = (
				7A038A861E948D3900D5E716 /* Debug */,
				7A038A871E948D3900D5E716 /* Release */,
			);
			defaultConfigurationIsVisible = 0;
			defaultConfigurationName = Release;
		};
		7A038A881E948D3900D5E716 /* Build configuration list for PBXNativeTarget "CalcArrayPoints" */ = {
			isa = XCConfigurationList;
			buildConfigurations = (
				7A038A891E948D3900D5E716 /* Debug */,
				7A038A8A1E948D3900D5E716 /* Release */,
			);
			defaultConfigurationIsVisible = 0;
		};
		7A038A941E948D5C00D5E716 /* Build configuration list for PBXNativeTarget "CalcArrayPointsTest" */ = {
			isa = XCConfigurationList;
			buildConfigurations = (
				7A038A951E948D5C00D5E716 /* Debug */,
				7A038A961E948D5C00D5E716 /* Release */,
			);
			defaultConfigurationIsVisible = 0;
		};
/* End XCConfigurationList section */
	};
	rootObject = 7A038A791E948D3900D5E716 /* Project object */;
}
